
Microsoft Visual Studio Solution File, Format Version 11.00
# Visual Studio 2010
Project("{FAE04EC0-301F-11D3-BF4B-00C04F79EFBC}") = "Gymnastika.Desktop", "Gymnastika.Desktop\Gymnastika.Desktop.csproj", "{77D43A9C-B3F8-4B5A-9A16-11FB6E6D8B15}"
EndProject
Global
	GlobalSection(SolutionConfigurationPlatforms) = preSolution
		Debug|x86 = Debug|x86
		Release|x86 = Release|x86
	EndGlobalSection
	GlobalSection(ProjectConfigurationPlatforms) = postSolution
		{77D43A9C-B3F8-4B5A-9A16-11FB6E6D8B15}.Debug|x86.ActiveCfg = Debug|x86
		{77D43A9C-B3F8-4B5A-9A16-11FB6E6D8B15}.Debug|x86.Build.0 = Debug|x86
		{77D43A9C-B3F8-4B5A-9A16-11FB6E6D8B15}.Release|x86.ActiveCfg = Release|x86
		{77D43A9C-B3F8-4B5A-9A16-11FB6E6D8B15}.Release|x86.Build.0 = Release|x86
	EndGlobalSection
	GlobalSection(SolutionProperties) = preSolution
		HideSolutionNode = FALSE
	EndGlobalSection
EndGlobal
