
Microsoft Visual Studio Solution File, Format Version 11.00
# Visual Studio 2010
Project("{FAE04EC0-301F-11D3-BF4B-00C04F79EFBC}") = "Gymnastika.Phone", "Gymnastika.Phone.csproj", "{BCDE98F0-7BAB-4AC3-87FD-4399179B0DF4}"
EndProject
Project("{FAE04EC0-301F-11D3-BF4B-00C04F79EFBC}") = "PushNotificationServer", "..\PushNotificationServer\PushNotificationServer.csproj", "{A6A05022-0B88-44D8-9225-1287BCD0F903}"
EndProject
Global
	GlobalSection(SolutionConfigurationPlatforms) = preSolution
		Debug|Any CPU = Debug|Any CPU
		Release|Any CPU = Release|Any CPU
	EndGlobalSection
	GlobalSection(ProjectConfigurationPlatforms) = postSolution
		{BCDE98F0-7BAB-4AC3-87FD-4399179B0DF4}.Debug|Any CPU.ActiveCfg = Debug|Any CPU
		{BCDE98F0-7BAB-4AC3-87FD-4399179B0DF4}.Debug|Any CPU.Build.0 = Debug|Any CPU
		{BCDE98F0-7BAB-4AC3-87FD-4399179B0DF4}.Debug|Any CPU.Deploy.0 = Debug|Any CPU
		{BCDE98F0-7BAB-4AC3-87FD-4399179B0DF4}.Release|Any CPU.ActiveCfg = Release|Any CPU
		{BCDE98F0-7BAB-4AC3-87FD-4399179B0DF4}.Release|Any CPU.Build.0 = Release|Any CPU
		{BCDE98F0-7BAB-4AC3-87FD-4399179B0DF4}.Release|Any CPU.Deploy.0 = Release|Any CPU
		{A6A05022-0B88-44D8-9225-1287BCD0F903}.Debug|Any CPU.ActiveCfg = Debug|Any CPU
		{A6A05022-0B88-44D8-9225-1287BCD0F903}.Debug|Any CPU.Build.0 = Debug|Any CPU
		{A6A05022-0B88-44D8-9225-1287BCD0F903}.Release|Any CPU.ActiveCfg = Release|Any CPU
		{A6A05022-0B88-44D8-9225-1287BCD0F903}.Release|Any CPU.Build.0 = Release|Any CPU
	EndGlobalSection
	GlobalSection(SolutionProperties) = preSolution
		HideSolutionNode = FALSE
	EndGlobalSection
EndGlobal
